{
  "name": "readwords",
  "lockfileVersion": 3,
  "requires": true,
  "packages": {
    "": {
      "dependencies": {
        "censorify": "file:../censorify"
      }
    },
    "node_modules/censorify": {
      "version": "0.1.1",
      "resolved": "file:../censorify",
      "engines": {
        "node": "*"
      }
    }
  }
}
